// !$*UTF8*$!
{
	archiveVersion = 1;
	classes = {
	};
	objectVersion = 46;
	objects = {

/* Begin PBXBuildFile section */
		220E53C71C75128F00B580DE /* PlayPowerUpsView.swift in Sources */ = {isa = PBXBuildFile; fileRef = 220E53C61C75128F00B580DE /* PlayPowerUpsView.swift */; };
		220E53C91C756B5200B580DE /* GameoverView.swift in Sources */ = {isa = PBXBuildFile; fileRef = 220E53C81C756B5200B580DE /* GameoverView.swift */; };
		221D233C1C659E31003E3671 /* AppDelegate.swift in Sources */ = {isa = PBXBuildFile; fileRef = 221D233B1C659E31003E3671 /* AppDelegate.swift */; };
		221D23411C659E31003E3671 /* Main.storyboard in Resources */ = {isa = PBXBuildFile; fileRef = 221D233F1C659E31003E3671 /* Main.storyboard */; };
		221D23621C65A003003E3671 /* BoardView.swift in Sources */ = {isa = PBXBuildFile; fileRef = 221D23541C65A003003E3671 /* BoardView.swift */; };
		221D23671C65A003003E3671 /* MediaPlayer.swift in Sources */ = {isa = PBXBuildFile; fileRef = 221D23591C65A003003E3671 /* MediaPlayer.swift */; };
		221D236A1C65A003003E3671 /* SavedData.swift in Sources */ = {isa = PBXBuildFile; fileRef = 221D235C1C65A003003E3671 /* SavedData.swift */; };
		221D236B1C65A003003E3671 /* Stats.swift in Sources */ = {isa = PBXBuildFile; fileRef = 221D235D1C65A003003E3671 /* Stats.swift */; };
		221D236F1C65A021003E3671 /* Images.xcassets in Resources */ = {isa = PBXBuildFile; fileRef = 221D236E1C65A021003E3671 /* Images.xcassets */; };
		221D237C1C65A282003E3671 /* sound_bad_move.mp3 in Resources */ = {isa = PBXBuildFile; fileRef = 221D23751C65A282003E3671 /* sound_bad_move.mp3 */; };
		221D237D1C65A282003E3671 /* sound_button_press.mp3 in Resources */ = {isa = PBXBuildFile; fileRef = 221D23761C65A282003E3671 /* sound_button_press.mp3 */; };
		221D237E1C65A282003E3671 /* sound_link_made.mp3 in Resources */ = {isa = PBXBuildFile; fileRef = 221D23771C65A282003E3671 /* sound_link_made.mp3 */; };
		221D23801C65A282003E3671 /* sound_game_over.mp3 in Resources */ = {isa = PBXBuildFile; fileRef = 221D23791C65A282003E3671 /* sound_game_over.mp3 */; };
		221D23811C65A282003E3671 /* sound_move_piece.mp3 in Resources */ = {isa = PBXBuildFile; fileRef = 221D237A1C65A282003E3671 /* sound_move_piece.mp3 */; };
		221D23821C65A282003E3671 /* sound_select_piece.mp3 in Resources */ = {isa = PBXBuildFile; fileRef = 221D237B1C65A282003E3671 /* sound_select_piece.mp3 */; };
		2225796C1C8AB9240058A30D /* TutorialSceneView.swift in Sources */ = {isa = PBXBuildFile; fileRef = 2225796B1C8AB9240058A30D /* TutorialSceneView.swift */; };
		2225951B1C696BC4007A764C /* HomeController.swift in Sources */ = {isa = PBXBuildFile; fileRef = 2225951A1C696BC4007A764C /* HomeController.swift */; };
		2225951D1C696BFA007A764C /* MainController.swift in Sources */ = {isa = PBXBuildFile; fileRef = 2225951C1C696BFA007A764C /* MainController.swift */; };
		2225951F1C696C7A007A764C /* MenuView.swift in Sources */ = {isa = PBXBuildFile; fileRef = 2225951E1C696C7A007A764C /* MenuView.swift */; };
		222680A61CD9CC2B00A2B5A0 /* Data.xcassets in Resources */ = {isa = PBXBuildFile; fileRef = 222680A51CD9CC2B00A2B5A0 /* Data.xcassets */; };
		222D4E651CA1211900E8B565 /* Chartboost.framework in Frameworks */ = {isa = PBXBuildFile; fileRef = 222D4E641CA1211900E8B565 /* Chartboost.framework */; };
		222D4E671CA2072900E8B565 /* AlertView.swift in Sources */ = {isa = PBXBuildFile; fileRef = 222D4E661CA2072900E8B565 /* AlertView.swift */; };
		2268CDE51C711A0C00A55A02 /* Direction.swift in Sources */ = {isa = PBXBuildFile; fileRef = 2268CDE41C711A0C00A55A02 /* Direction.swift */; };
		2268CDF41C7152B100A55A02 /* TopBarView.swift in Sources */ = {isa = PBXBuildFile; fileRef = 2268CDF31C7152B100A55A02 /* TopBarView.swift */; };
		2268CDF61C715B3900A55A02 /* HomeView.swift in Sources */ = {isa = PBXBuildFile; fileRef = 2268CDF51C715B3900A55A02 /* HomeView.swift */; };
		2268CDF81C716E6E00A55A02 /* PlayView.swift in Sources */ = {isa = PBXBuildFile; fileRef = 2268CDF71C716E6E00A55A02 /* PlayView.swift */; };
		2268CDFB1C71B62F00A55A02 /* MarketView.swift in Sources */ = {isa = PBXBuildFile; fileRef = 2268CDFA1C71B62F00A55A02 /* MarketView.swift */; };
		228BF3EA1C65C648003FB6F1 /* StatsController.swift in Sources */ = {isa = PBXBuildFile; fileRef = 228BF3E91C65C648003FB6F1 /* StatsController.swift */; };
		228BF3EC1C65C652003FB6F1 /* MarketController.swift in Sources */ = {isa = PBXBuildFile; fileRef = 228BF3EB1C65C652003FB6F1 /* MarketController.swift */; };
		228BF3F51C66A825003FB6F1 /* GameoverController.swift in Sources */ = {isa = PBXBuildFile; fileRef = 228BF3F41C66A825003FB6F1 /* GameoverController.swift */; };
		2290CD6B1CA26A5100176BF8 /* Calendar.swift in Sources */ = {isa = PBXBuildFile; fileRef = 2290CD6A1CA26A5100176BF8 /* Calendar.swift */; };
		2290CD6D1CA3979E00176BF8 /* HighScore.swift in Sources */ = {isa = PBXBuildFile; fileRef = 2290CD6C1CA3979E00176BF8 /* HighScore.swift */; };
		2293372A1C77B0F100AA24BC /* StoreKit.framework in Frameworks */ = {isa = PBXBuildFile; fileRef = 229337291C77B0F100AA24BC /* StoreKit.framework */; };
		2293372C1C77B6BE00AA24BC /* GameKit.framework in Frameworks */ = {isa = PBXBuildFile; fileRef = 2293372B1C77B6BE00AA24BC /* GameKit.framework */; };
		22A9D0531CA8A4E900C89DC4 /* BoardController.swift in Sources */ = {isa = PBXBuildFile; fileRef = 22A9D0521CA8A4E900C89DC4 /* BoardController.swift */; };
		22B17BBD1C69BC4400AABDB3 /* RNG.swift in Sources */ = {isa = PBXBuildFile; fileRef = 22B17BBC1C69BC4400AABDB3 /* RNG.swift */; };
		22B17BC11C6AB85800AABDB3 /* background_music.mp3 in Resources */ = {isa = PBXBuildFile; fileRef = 22B17BC01C6AB85800AABDB3 /* background_music.mp3 */; };
		22B707891C920E1F004A3DF6 /* TutorialScene1View.swift in Sources */ = {isa = PBXBuildFile; fileRef = 22B707881C920E1F004A3DF6 /* TutorialScene1View.swift */; };
		22B7078B1C9211E2004A3DF6 /* TutorialScene5View.swift in Sources */ = {isa = PBXBuildFile; fileRef = 22B7078A1C9211E2004A3DF6 /* TutorialScene5View.swift */; };
		22F671A41CA3B04100345BFB /* ImageManager.swift in Sources */ = {isa = PBXBuildFile; fileRef = 22F671A31CA3B04100345BFB /* ImageManager.swift */; };
		22F671A61CA4BDA300345BFB /* Board.swift in Sources */ = {isa = PBXBuildFile; fileRef = 22F671A51CA4BDA300345BFB /* Board.swift */; };
		22F671A81CA4BDA800345BFB /* BoardFiller.swift in Sources */ = {isa = PBXBuildFile; fileRef = 22F671A71CA4BDA800345BFB /* BoardFiller.swift */; };
		22F671AC1CA4BDBA00345BFB /* Tile.swift in Sources */ = {isa = PBXBuildFile; fileRef = 22F671AB1CA4BDBA00345BFB /* Tile.swift */; };
		22F671B81CA4BE3900345BFB /* TutorialController.swift in Sources */ = {isa = PBXBuildFile; fileRef = 22F671B21CA4BE3900345BFB /* TutorialController.swift */; };
		22F671BA1CA4BE9200345BFB /* PlayController.swift in Sources */ = {isa = PBXBuildFile; fileRef = 22F671B91CA4BE9200345BFB /* PlayController.swift */; };
		22F793831C6BF5DF0001F1EE /* Bold.otf in Resources */ = {isa = PBXBuildFile; fileRef = 22F793821C6BF5DF0001F1EE /* Bold.otf */; };
		22F793851C6BF5EA0001F1EE /* ExtraBold.otf in Resources */ = {isa = PBXBuildFile; fileRef = 22F793841C6BF5EA0001F1EE /* ExtraBold.otf */; };
		22F793871C6BF5F00001F1EE /* ExtraLight.otf in Resources */ = {isa = PBXBuildFile; fileRef = 22F793861C6BF5F00001F1EE /* ExtraLight.otf */; };
		22F793891C6BF5F90001F1EE /* Light.otf in Resources */ = {isa = PBXBuildFile; fileRef = 22F793881C6BF5F90001F1EE /* Light.otf */; };
		22F7938B1C6BF6020001F1EE /* SemiLight.otf in Resources */ = {isa = PBXBuildFile; fileRef = 22F7938A1C6BF6020001F1EE /* SemiLight.otf */; };
		22F7938D1C6BF6110001F1EE /* Regular.otf in Resources */ = {isa = PBXBuildFile; fileRef = 22F7938C1C6BF6110001F1EE /* Regular.otf */; };
		22F7938F1C6BF6170001F1EE /* SemiBold.otf in Resources */ = {isa = PBXBuildFile; fileRef = 22F7938E1C6BF6170001F1EE /* SemiBold.otf */; };
		22FFDA901C741AE600B8901D /* StatsView.swift in Sources */ = {isa = PBXBuildFile; fileRef = 22FFDA8F1C741AE600B8901D /* StatsView.swift */; };
/* End PBXBuildFile section */

/* Begin PBXFileReference section */
		220E53C61C75128F00B580DE /* PlayPowerUpsView.swift */ = {isa = PBXFileReference; fileEncoding = 4; lastKnownFileType = sourcecode.swift; path = PlayPowerUpsView.swift; sourceTree = "<group>"; };
		220E53C81C756B5200B580DE /* GameoverView.swift */ = {isa = PBXFileReference; fileEncoding = 4; lastKnownFileType = sourcecode.swift; path = GameoverView.swift; sourceTree = "<group>"; };
		221D23381C659E31003E3671 /* Zlink.app */ = {isa = PBXFileReference; explicitFileType = wrapper.application; includeInIndex = 0; path = Zlink.app; sourceTree = BUILT_PRODUCTS_DIR; };
		221D233B1C659E31003E3671 /* AppDelegate.swift */ = {isa = PBXFileReference; lastKnownFileType = sourcecode.swift; path = AppDelegate.swift; sourceTree = "<group>"; };
		221D23401C659E31003E3671 /* Base */ = {isa = PBXFileReference; lastKnownFileType = file.storyboard; name = Base; path = Base.lproj/Main.storyboard; sourceTree = "<group>"; };
		221D23471C659E31003E3671 /* Info.plist */ = {isa = PBXFileReference; lastKnownFileType = text.plist.xml; path = Info.plist; sourceTree = "<group>"; };
		221D23541C65A003003E3671 /* BoardView.swift */ = {isa = PBXFileReference; fileEncoding = 4; lastKnownFileType = sourcecode.swift; path = BoardView.swift; sourceTree = "<group>"; };
		221D23591C65A003003E3671 /* MediaPlayer.swift */ = {isa = PBXFileReference; fileEncoding = 4; lastKnownFileType = sourcecode.swift; path = MediaPlayer.swift; sourceTree = "<group>"; };
		221D235C1C65A003003E3671 /* SavedData.swift */ = {isa = PBXFileReference; fileEncoding = 4; lastKnownFileType = sourcecode.swift; path = SavedData.swift; sourceTree = "<group>"; };
		221D235D1C65A003003E3671 /* Stats.swift */ = {isa = PBXFileReference; fileEncoding = 4; lastKnownFileType = sourcecode.swift; path = Stats.swift; sourceTree = "<group>"; };
		221D236E1C65A021003E3671 /* Images.xcassets */ = {isa = PBXFileReference; lastKnownFileType = folder.assetcatalog; path = Images.xcassets; sourceTree = "<group>"; };
		221D23751C65A282003E3671 /* sound_bad_move.mp3 */ = {isa = PBXFileReference; lastKnownFileType = audio.mp3; path = sound_bad_move.mp3; sourceTree = "<group>"; };
		221D23761C65A282003E3671 /* sound_button_press.mp3 */ = {isa = PBXFileReference; lastKnownFileType = audio.mp3; path = sound_button_press.mp3; sourceTree = "<group>"; };
		221D23771C65A282003E3671 /* sound_link_made.mp3 */ = {isa = PBXFileReference; lastKnownFileType = audio.mp3; path = sound_link_made.mp3; sourceTree = "<group>"; };
		221D23791C65A282003E3671 /* sound_game_over.mp3 */ = {isa = PBXFileReference; lastKnownFileType = audio.mp3; path = sound_game_over.mp3; sourceTree = "<group>"; };
		221D237A1C65A282003E3671 /* sound_move_piece.mp3 */ = {isa = PBXFileReference; lastKnownFileType = audio.mp3; path = sound_move_piece.mp3; sourceTree = "<group>"; };
		221D237B1C65A282003E3671 /* sound_select_piece.mp3 */ = {isa = PBXFileReference; lastKnownFileType = audio.mp3; path = sound_select_piece.mp3; sourceTree = "<group>"; };
		2225796B1C8AB9240058A30D /* TutorialSceneView.swift */ = {isa = PBXFileReference; fileEncoding = 4; lastKnownFileType = sourcecode.swift; path = TutorialSceneView.swift; sourceTree = "<group>"; };
		2225951A1C696BC4007A764C /* HomeController.swift */ = {isa = PBXFileReference; fileEncoding = 4; lastKnownFileType = sourcecode.swift; path = HomeController.swift; sourceTree = "<group>"; };
		2225951C1C696BFA007A764C /* MainController.swift */ = {isa = PBXFileReference; fileEncoding = 4; lastKnownFileType = sourcecode.swift; path = MainController.swift; sourceTree = "<group>"; };
		2225951E1C696C7A007A764C /* MenuView.swift */ = {isa = PBXFileReference; fileEncoding = 4; lastKnownFileType = sourcecode.swift; path = MenuView.swift; sourceTree = "<group>"; };
		222680A51CD9CC2B00A2B5A0 /* Data.xcassets */ = {isa = PBXFileReference; lastKnownFileType = folder.assetcatalog; path = Data.xcassets; sourceTree = "<group>"; };
		222D4E641CA1211900E8B565 /* Chartboost.framework */ = {isa = PBXFileReference; lastKnownFileType = wrapper.framework; path = Chartboost.framework; sourceTree = "<group>"; };
		222D4E661CA2072900E8B565 /* AlertView.swift */ = {isa = PBXFileReference; fileEncoding = 4; lastKnownFileType = sourcecode.swift; path = AlertView.swift; sourceTree = "<group>"; };
		2268CDE41C711A0C00A55A02 /* Direction.swift */ = {isa = PBXFileReference; fileEncoding = 4; lastKnownFileType = sourcecode.swift; path = Direction.swift; sourceTree = "<group>"; };
		2268CDF31C7152B100A55A02 /* TopBarView.swift */ = {isa = PBXFileReference; fileEncoding = 4; lastKnownFileType = sourcecode.swift; path = TopBarView.swift; sourceTree = "<group>"; };
		2268CDF51C715B3900A55A02 /* HomeView.swift */ = {isa = PBXFileReference; fileEncoding = 4; lastKnownFileType = sourcecode.swift; path = HomeView.swift; sourceTree = "<group>"; };
		2268CDF71C716E6E00A55A02 /* PlayView.swift */ = {isa = PBXFileReference; fileEncoding = 4; lastKnownFileType = sourcecode.swift; path = PlayView.swift; sourceTree = "<group>"; };
		2268CDFA1C71B62F00A55A02 /* MarketView.swift */ = {isa = PBXFileReference; fileEncoding = 4; lastKnownFileType = sourcecode.swift; path = MarketView.swift; sourceTree = "<group>"; };
		228BF3E91C65C648003FB6F1 /* StatsController.swift */ = {isa = PBXFileReference; fileEncoding = 4; lastKnownFileType = sourcecode.swift; path = StatsController.swift; sourceTree = "<group>"; };
		228BF3EB1C65C652003FB6F1 /* MarketController.swift */ = {isa = PBXFileReference; fileEncoding = 4; lastKnownFileType = sourcecode.swift; path = MarketController.swift; sourceTree = "<group>"; };
		228BF3F41C66A825003FB6F1 /* GameoverController.swift */ = {isa = PBXFileReference; fileEncoding = 4; lastKnownFileType = sourcecode.swift; path = GameoverController.swift; sourceTree = "<group>"; };
		228C22161C95067800F58A1D /* Zlink-Bridging-Header.h */ = {isa = PBXFileReference; fileEncoding = 4; lastKnownFileType = sourcecode.c.h; path = "Zlink-Bridging-Header.h"; sourceTree = "<group>"; };
		2290CD6A1CA26A5100176BF8 /* Calendar.swift */ = {isa = PBXFileReference; fileEncoding = 4; lastKnownFileType = sourcecode.swift; path = Calendar.swift; sourceTree = "<group>"; };
		2290CD6C1CA3979E00176BF8 /* HighScore.swift */ = {isa = PBXFileReference; fileEncoding = 4; lastKnownFileType = sourcecode.swift; path = HighScore.swift; sourceTree = "<group>"; };
		229337291C77B0F100AA24BC /* StoreKit.framework */ = {isa = PBXFileReference; lastKnownFileType = wrapper.framework; name = StoreKit.framework; path = System/Library/Frameworks/StoreKit.framework; sourceTree = SDKROOT; };
		2293372B1C77B6BE00AA24BC /* GameKit.framework */ = {isa = PBXFileReference; lastKnownFileType = wrapper.framework; name = GameKit.framework; path = System/Library/Frameworks/GameKit.framework; sourceTree = SDKROOT; };
		22A9D0521CA8A4E900C89DC4 /* BoardController.swift */ = {isa = PBXFileReference; fileEncoding = 4; lastKnownFileType = sourcecode.swift; path = BoardController.swift; sourceTree = "<group>"; };
		22B17BBC1C69BC4400AABDB3 /* RNG.swift */ = {isa = PBXFileReference; fileEncoding = 4; lastKnownFileType = sourcecode.swift; path = RNG.swift; sourceTree = "<group>"; };
		22B17BC01C6AB85800AABDB3 /* background_music.mp3 */ = {isa = PBXFileReference; lastKnownFileType = audio.mp3; path = background_music.mp3; sourceTree = "<group>"; };
		22B707881C920E1F004A3DF6 /* TutorialScene1View.swift */ = {isa = PBXFileReference; fileEncoding = 4; lastKnownFileType = sourcecode.swift; path = TutorialScene1View.swift; sourceTree = "<group>"; };
		22B7078A1C9211E2004A3DF6 /* TutorialScene5View.swift */ = {isa = PBXFileReference; fileEncoding = 4; lastKnownFileType = sourcecode.swift; path = TutorialScene5View.swift; sourceTree = "<group>"; };
		22F671A31CA3B04100345BFB /* ImageManager.swift */ = {isa = PBXFileReference; fileEncoding = 4; lastKnownFileType = sourcecode.swift; path = ImageManager.swift; sourceTree = "<group>"; };
		22F671A51CA4BDA300345BFB /* Board.swift */ = {isa = PBXFileReference; fileEncoding = 4; lastKnownFileType = sourcecode.swift; path = Board.swift; sourceTree = "<group>"; };
		22F671A71CA4BDA800345BFB /* BoardFiller.swift */ = {isa = PBXFileReference; fileEncoding = 4; lastKnownFileType = sourcecode.swift; path = BoardFiller.swift; sourceTree = "<group>"; };
		22F671AB1CA4BDBA00345BFB /* Tile.swift */ = {isa = PBXFileReference; fileEncoding = 4; lastKnownFileType = sourcecode.swift; path = Tile.swift; sourceTree = "<group>"; };
		22F671B21CA4BE3900345BFB /* TutorialController.swift */ = {isa = PBXFileReference; fileEncoding = 4; lastKnownFileType = sourcecode.swift; path = TutorialController.swift; sourceTree = "<group>"; };
		22F671B91CA4BE9200345BFB /* PlayController.swift */ = {isa = PBXFileReference; fileEncoding = 4; lastKnownFileType = sourcecode.swift; path = PlayController.swift; sourceTree = "<group>"; };
		22F793821C6BF5DF0001F1EE /* Bold.otf */ = {isa = PBXFileReference; lastKnownFileType = file; path = Bold.otf; sourceTree = "<group>"; };
		22F793841C6BF5EA0001F1EE /* ExtraBold.otf */ = {isa = PBXFileReference; lastKnownFileType = file; path = ExtraBold.otf; sourceTree = "<group>"; };
		22F793861C6BF5F00001F1EE /* ExtraLight.otf */ = {isa = PBXFileReference; lastKnownFileType = file; path = ExtraLight.otf; sourceTree = "<group>"; };
		22F793881C6BF5F90001F1EE /* Light.otf */ = {isa = PBXFileReference; lastKnownFileType = file; path = Light.otf; sourceTree = "<group>"; };
		22F7938A1C6BF6020001F1EE /* SemiLight.otf */ = {isa = PBXFileReference; lastKnownFileType = file; path = SemiLight.otf; sourceTree = "<group>"; };
		22F7938C1C6BF6110001F1EE /* Regular.otf */ = {isa = PBXFileReference; lastKnownFileType = file; path = Regular.otf; sourceTree = "<group>"; };
		22F7938E1C6BF6170001F1EE /* SemiBold.otf */ = {isa = PBXFileReference; lastKnownFileType = file; path = SemiBold.otf; sourceTree = "<group>"; };
		22FFDA8F1C741AE600B8901D /* StatsView.swift */ = {isa = PBXFileReference; fileEncoding = 4; lastKnownFileType = sourcecode.swift; path = StatsView.swift; sourceTree = "<group>"; };
/* End PBXFileReference section */

/* Begin PBXFrameworksBuildPhase section */
		221D23351C659E31003E3671 /* Frameworks */ = {
			isa = PBXFrameworksBuildPhase;
			buildActionMask = 2147483647;
			files = (
				222D4E651CA1211900E8B565 /* Chartboost.framework in Frameworks */,
				2293372A1C77B0F100AA24BC /* StoreKit.framework in Frameworks */,
				2293372C1C77B6BE00AA24BC /* GameKit.framework in Frameworks */,
			);
			runOnlyForDeploymentPostprocessing = 0;
		};
/* End PBXFrameworksBuildPhase section */

/* Begin PBXGroup section */
		221B4DBA1CBA35E9003F478B /* Sub-Controllers */ = {
			isa = PBXGroup;
			children = (
				22A9D0521CA8A4E900C89DC4 /* BoardController.swift */,
			);
			name = "Sub-Controllers";
			sourceTree = "<group>";
		};
		221D232F1C659E31003E3671 = {
			isa = PBXGroup;
			children = (
				221D233A1C659E31003E3671 /* Zlink */,
				221D23391C659E31003E3671 /* Products */,
			);
			sourceTree = "<group>";
		};
		221D23391C659E31003E3671 /* Products */ = {
			isa = PBXGroup;
			children = (
				221D23381C659E31003E3671 /* Zlink.app */,
			);
			name = Products;
			sourceTree = "<group>";
		};
		221D233A1C659E31003E3671 /* Zlink */ = {
			isa = PBXGroup;
			children = (
				221D233B1C659E31003E3671 /* AppDelegate.swift */,
				221D23711C65A0AB003E3671 /* Controller */,
				221D23701C65A07C003E3671 /* Model */,
				221D23731C65A111003E3671 /* View */,
				229337311C7833D100AA24BC /* Frameworks */,
				228BF3F31C669EC7003FB6F1 /* Resources */,
				221D23471C659E31003E3671 /* Info.plist */,
				228C22161C95067800F58A1D /* Zlink-Bridging-Header.h */,
			);
			path = Zlink;
			sourceTree = "<group>";
		};
		221D23701C65A07C003E3671 /* Model */ = {
			isa = PBXGroup;
			children = (
				2268CDE11C71196400A55A02 /* Play */,
				2290CD6E1CA3996700176BF8 /* Stats */,
				2290CD6A1CA26A5100176BF8 /* Calendar.swift */,
				22F671A31CA3B04100345BFB /* ImageManager.swift */,
				221D23591C65A003003E3671 /* MediaPlayer.swift */,
				22B17BBC1C69BC4400AABDB3 /* RNG.swift */,
				221D235C1C65A003003E3671 /* SavedData.swift */,
			);
			name = Model;
			sourceTree = "<group>";
		};
		221D23711C65A0AB003E3671 /* Controller */ = {
			isa = PBXGroup;
			children = (
				221B4DBA1CBA35E9003F478B /* Sub-Controllers */,
				228BF3F41C66A825003FB6F1 /* GameoverController.swift */,
				2225951A1C696BC4007A764C /* HomeController.swift */,
				2225951C1C696BFA007A764C /* MainController.swift */,
				228BF3EB1C65C652003FB6F1 /* MarketController.swift */,
				22F671B91CA4BE9200345BFB /* PlayController.swift */,
				228BF3E91C65C648003FB6F1 /* StatsController.swift */,
				22F671B21CA4BE3900345BFB /* TutorialController.swift */,
			);
			name = Controller;
			sourceTree = "<group>";
		};
		221D23731C65A111003E3671 /* View */ = {
			isa = PBXGroup;
			children = (
				2268CDDA1C71169800A55A02 /* Sub-Views */,
				220E53C81C756B5200B580DE /* GameoverView.swift */,
				2268CDF51C715B3900A55A02 /* HomeView.swift */,
				2268CDFA1C71B62F00A55A02 /* MarketView.swift */,
				2268CDF71C716E6E00A55A02 /* PlayView.swift */,
				22FFDA8F1C741AE600B8901D /* StatsView.swift */,
				221D233F1C659E31003E3671 /* Main.storyboard */,
			);
			name = View;
			sourceTree = "<group>";
		};
		221D23741C65A269003E3671 /* Sounds */ = {
			isa = PBXGroup;
			children = (
				22B17BC01C6AB85800AABDB3 /* background_music.mp3 */,
				221D23751C65A282003E3671 /* sound_bad_move.mp3 */,
				221D23761C65A282003E3671 /* sound_button_press.mp3 */,
				221D23771C65A282003E3671 /* sound_link_made.mp3 */,
				221D23791C65A282003E3671 /* sound_game_over.mp3 */,
				221D237A1C65A282003E3671 /* sound_move_piece.mp3 */,
				221D237B1C65A282003E3671 /* sound_select_piece.mp3 */,
			);
			name = Sounds;
			sourceTree = "<group>";
		};
		2268CDDA1C71169800A55A02 /* Sub-Views */ = {
			isa = PBXGroup;
			children = (
				22FFDA841C72CEA300B8901D /* Tutorial */,
				222D4E661CA2072900E8B565 /* AlertView.swift */,
				221D23541C65A003003E3671 /* BoardView.swift */,
				2225951E1C696C7A007A764C /* MenuView.swift */,
				220E53C61C75128F00B580DE /* PlayPowerUpsView.swift */,
				2268CDF31C7152B100A55A02 /* TopBarView.swift */,
			);
			name = "Sub-Views";
			sourceTree = "<group>";
		};
		2268CDE11C71196400A55A02 /* Play */ = {
			isa = PBXGroup;
			children = (
				22F671A51CA4BDA300345BFB /* Board.swift */,
				22F671A71CA4BDA800345BFB /* BoardFiller.swift */,
				2268CDE41C711A0C00A55A02 /* Direction.swift */,
				22F671AB1CA4BDBA00345BFB /* Tile.swift */,
			);
			name = Play;
			sourceTree = "<group>";
		};
		228BF3F31C669EC7003FB6F1 /* Resources */ = {
			isa = PBXGroup;
			children = (
				22F793811C6BF5C20001F1EE /* Fonts */,
				221D236E1C65A021003E3671 /* Images.xcassets */,
				222680A51CD9CC2B00A2B5A0 /* Data.xcassets */,
				221D23741C65A269003E3671 /* Sounds */,
			);
			name = Resources;
			sourceTree = "<group>";
		};
		2290CD6E1CA3996700176BF8 /* Stats */ = {
			isa = PBXGroup;
			children = (
				2290CD6C1CA3979E00176BF8 /* HighScore.swift */,
				221D235D1C65A003003E3671 /* Stats.swift */,
			);
			name = Stats;
			sourceTree = "<group>";
		};
		229337311C7833D100AA24BC /* Frameworks */ = {
			isa = PBXGroup;
			children = (
				222D4E641CA1211900E8B565 /* Chartboost.framework */,
				2293372B1C77B6BE00AA24BC /* GameKit.framework */,
				229337291C77B0F100AA24BC /* StoreKit.framework */,
			);
			name = Frameworks;
			sourceTree = "<group>";
		};
		229DB7C01C99E3800080DDA7 /* Dosis */ = {
			isa = PBXGroup;
			children = (
				22F793861C6BF5F00001F1EE /* ExtraLight.otf */,
				22F793881C6BF5F90001F1EE /* Light.otf */,
				22F7938A1C6BF6020001F1EE /* SemiLight.otf */,
				22F7938C1C6BF6110001F1EE /* Regular.otf */,
				22F7938E1C6BF6170001F1EE /* SemiBold.otf */,
				22F793821C6BF5DF0001F1EE /* Bold.otf */,
				22F793841C6BF5EA0001F1EE /* ExtraBold.otf */,
			);
			name = Dosis;
			sourceTree = "<group>";
		};
		22F793811C6BF5C20001F1EE /* Fonts */ = {
			isa = PBXGroup;
			children = (
				229DB7C01C99E3800080DDA7 /* Dosis */,
			);
			name = Fonts;
			sourceTree = "<group>";
		};
		22FFDA841C72CEA300B8901D /* Tutorial */ = {
			isa = PBXGroup;
			children = (
				2225796B1C8AB9240058A30D /* TutorialSceneView.swift */,
				22B707881C920E1F004A3DF6 /* TutorialScene1View.swift */,
				22B7078A1C9211E2004A3DF6 /* TutorialScene5View.swift */,
			);
			name = Tutorial;
			sourceTree = "<group>";
		};
/* End PBXGroup section */

/* Begin PBXNativeTarget section */
		221D23371C659E31003E3671 /* Zlink */ = {
			isa = PBXNativeTarget;
			buildConfigurationList = 221D234A1C659E31003E3671 /* Build configuration list for PBXNativeTarget "Zlink" */;
			buildPhases = (
				221D23341C659E31003E3671 /* Sources */,
				221D23351C659E31003E3671 /* Frameworks */,
				221D23361C659E31003E3671 /* Resources */,
			);
			buildRules = (
			);
			dependencies = (
			);
			name = Zlink;
			productName = Zlink;
			productReference = 221D23381C659E31003E3671 /* Zlink.app */;
			productType = "com.apple.product-type.application";
		};
/* End PBXNativeTarget section */

/* Begin PBXProject section */
		221D23301C659E31003E3671 /* Project object */ = {
			isa = PBXProject;
			attributes = {
				LastSwiftUpdateCheck = 0720;
				LastUpgradeCheck = 0800;
				ORGANIZATIONNAME = "MegaWatt Gaming";
				TargetAttributes = {
					221D23371C659E31003E3671 = {
						CreatedOnToolsVersion = 7.2;
						DevelopmentTeam = MXA28RHC96;
						LastSwiftMigration = 0800;
						SystemCapabilities = {
							com.apple.GameCenter = {
								enabled = 1;
							};
							com.apple.InAppPurchase = {
								enabled = 1;
							};
							com.apple.InterAppAudio = {
								enabled = 0;
							};
							com.apple.Push = {
								enabled = 0;
							};
						};
					};
				};
			};
			buildConfigurationList = 221D23331C659E31003E3671 /* Build configuration list for PBXProject "Zlink" */;
			compatibilityVersion = "Xcode 3.2";
			developmentRegion = English;
			hasScannedForEncodings = 0;
			knownRegions = (
				en,
				Base,
			);
			mainGroup = 221D232F1C659E31003E3671;
			productRefGroup = 221D23391C659E31003E3671 /* Products */;
			projectDirPath = "";
			projectRoot = "";
			targets = (
				221D23371C659E31003E3671 /* Zlink */,
			);
		};
/* End PBXProject section */

/* Begin PBXResourcesBuildPhase section */
		221D23361C659E31003E3671 /* Resources */ = {
			isa = PBXResourcesBuildPhase;
			buildActionMask = 2147483647;
			files = (
				22F793851C6BF5EA0001F1EE /* ExtraBold.otf in Resources */,
				22F7938D1C6BF6110001F1EE /* Regular.otf in Resources */,
				221D23801C65A282003E3671 /* sound_game_over.mp3 in Resources */,
				22F793831C6BF5DF0001F1EE /* Bold.otf in Resources */,
				22F7938F1C6BF6170001F1EE /* SemiBold.otf in Resources */,
				22B17BC11C6AB85800AABDB3 /* background_music.mp3 in Resources */,
				221D23821C65A282003E3671 /* sound_select_piece.mp3 in Resources */,
				221D237E1C65A282003E3671 /* sound_link_made.mp3 in Resources */,
				22F7938B1C6BF6020001F1EE /* SemiLight.otf in Resources */,
				221D236F1C65A021003E3671 /* Images.xcassets in Resources */,
				221D23411C659E31003E3671 /* Main.storyboard in Resources */,
				221D237D1C65A282003E3671 /* sound_button_press.mp3 in Resources */,
				22F793871C6BF5F00001F1EE /* ExtraLight.otf in Resources */,
				222680A61CD9CC2B00A2B5A0 /* Data.xcassets in Resources */,
				221D23811C65A282003E3671 /* sound_move_piece.mp3 in Resources */,
				221D237C1C65A282003E3671 /* sound_bad_move.mp3 in Resources */,
				22F793891C6BF5F90001F1EE /* Light.otf in Resources */,
			);
			runOnlyForDeploymentPostprocessing = 0;
		};
/* End PBXResourcesBuildPhase section */

/* Begin PBXSourcesBuildPhase section */
		221D23341C659E31003E3671 /* Sources */ = {
			isa = PBXSourcesBuildPhase;
			buildActionMask = 2147483647;
			files = (
				221D236A1C65A003003E3671 /* SavedData.swift in Sources */,
				222D4E671CA2072900E8B565 /* AlertView.swift in Sources */,
				22A9D0531CA8A4E900C89DC4 /* BoardController.swift in Sources */,
				2225796C1C8AB9240058A30D /* TutorialSceneView.swift in Sources */,
				228BF3EA1C65C648003FB6F1 /* StatsController.swift in Sources */,
				22F671B81CA4BE3900345BFB /* TutorialController.swift in Sources */,
				221D236B1C65A003003E3671 /* Stats.swift in Sources */,
				220E53C91C756B5200B580DE /* GameoverView.swift in Sources */,
				228BF3EC1C65C652003FB6F1 /* MarketController.swift in Sources */,
				221D23621C65A003003E3671 /* BoardView.swift in Sources */,
				2290CD6D1CA3979E00176BF8 /* HighScore.swift in Sources */,
				2268CDE51C711A0C00A55A02 /* Direction.swift in Sources */,
				2225951D1C696BFA007A764C /* MainController.swift in Sources */,
				2268CDF81C716E6E00A55A02 /* PlayView.swift in Sources */,
				22F671A41CA3B04100345BFB /* ImageManager.swift in Sources */,
				2268CDF41C7152B100A55A02 /* TopBarView.swift in Sources */,
				2225951B1C696BC4007A764C /* HomeController.swift in Sources */,
				2225951F1C696C7A007A764C /* MenuView.swift in Sources */,
				221D233C1C659E31003E3671 /* AppDelegate.swift in Sources */,
				22FFDA901C741AE600B8901D /* StatsView.swift in Sources */,
				2268CDF61C715B3900A55A02 /* HomeView.swift in Sources */,
				22B707891C920E1F004A3DF6 /* TutorialScene1View.swift in Sources */,
				2290CD6B1CA26A5100176BF8 /* Calendar.swift in Sources */,
				220E53C71C75128F00B580DE /* PlayPowerUpsView.swift in Sources */,
				22F671BA1CA4BE9200345BFB /* PlayController.swift in Sources */,
				22F671A61CA4BDA300345BFB /* Board.swift in Sources */,
				221D23671C65A003003E3671 /* MediaPlayer.swift in Sources */,
				22B7078B1C9211E2004A3DF6 /* TutorialScene5View.swift in Sources */,
				228BF3F51C66A825003FB6F1 /* GameoverController.swift in Sources */,
				2268CDFB1C71B62F00A55A02 /* MarketView.swift in Sources */,
				22F671AC1CA4BDBA00345BFB /* Tile.swift in Sources */,
				22B17BBD1C69BC4400AABDB3 /* RNG.swift in Sources */,
				22F671A81CA4BDA800345BFB /* BoardFiller.swift in Sources */,
			);
			runOnlyForDeploymentPostprocessing = 0;
		};
/* End PBXSourcesBuildPhase section */

/* Begin PBXVariantGroup section */
		221D233F1C659E31003E3671 /* Main.storyboard */ = {
			isa = PBXVariantGroup;
			children = (
				221D23401C659E31003E3671 /* Base */,
			);
			name = Main.storyboard;
			sourceTree = "<group>";
		};
/* End PBXVariantGroup section */

/* Begin XCBuildConfiguration section */
		221D23481C659E31003E3671 /* Debug */ = {
			isa = XCBuildConfiguration;
			buildSettings = {
				ALWAYS_SEARCH_USER_PATHS = NO;
				CLANG_CXX_LANGUAGE_STANDARD = "gnu++0x";
				CLANG_CXX_LIBRARY = "libc++";
				CLANG_ENABLE_MODULES = YES;
				CLANG_ENABLE_OBJC_ARC = YES;
				CLANG_WARN_BOOL_CONVERSION = YES;
				CLANG_WARN_CONSTANT_CONVERSION = YES;
				CLANG_WARN_DIRECT_OBJC_ISA_USAGE = YES_ERROR;
				CLANG_WARN_EMPTY_BODY = YES;
				CLANG_WARN_ENUM_CONVERSION = YES;
				CLANG_WARN_INFINITE_RECURSION = YES;
				CLANG_WARN_INT_CONVERSION = YES;
				CLANG_WARN_OBJC_ROOT_CLASS = YES_ERROR;
				CLANG_WARN_SUSPICIOUS_MOVE = YES;
				CLANG_WARN_UNREACHABLE_CODE = YES;
				CLANG_WARN__DUPLICATE_METHOD_MATCH = YES;
				"CODE_SIGN_IDENTITY[sdk=iphoneos*]" = "iPhone Developer";
				COPY_PHASE_STRIP = NO;
				DEBUG_INFORMATION_FORMAT = dwarf;
				ENABLE_STRICT_OBJC_MSGSEND = YES;
				ENABLE_TESTABILITY = YES;
				GCC_C_LANGUAGE_STANDARD = gnu99;
				GCC_DYNAMIC_NO_PIC = NO;
				GCC_NO_COMMON_BLOCKS = YES;
				GCC_OPTIMIZATION_LEVEL = 0;
				GCC_PREPROCESSOR_DEFINITIONS = (
					"DEBUG=1",
					"$(inherited)",
				);
				GCC_WARN_64_TO_32_BIT_CONVERSION = YES;
				GCC_WARN_ABOUT_RETURN_TYPE = YES_ERROR;
				GCC_WARN_UNDECLARED_SELECTOR = YES;
				GCC_WARN_UNINITIALIZED_AUTOS = YES_AGGRESSIVE;
				GCC_WARN_UNUSED_FUNCTION = YES;
				GCC_WARN_UNUSED_VARIABLE = YES;
				IPHONEOS_DEPLOYMENT_TARGET = 9.2;
				MTL_ENABLE_DEBUG_INFO = YES;
				ONLY_ACTIVE_ARCH = YES;
				SDKROOT = iphoneos;
				SWIFT_OPTIMIZATION_LEVEL = "-Onone";
			};
			name = Debug;
		};
		221D23491C659E31003E3671 /* Release */ = {
			isa = XCBuildConfiguration;
			buildSettings = {
				ALWAYS_SEARCH_USER_PATHS = NO;
				CLANG_CXX_LANGUAGE_STANDARD = "gnu++0x";
				CLANG_CXX_LIBRARY = "libc++";
				CLANG_ENABLE_MODULES = YES;
				CLANG_ENABLE_OBJC_ARC = YES;
				CLANG_WARN_BOOL_CONVERSION = YES;
				CLANG_WARN_CONSTANT_CONVERSION = YES;
				CLANG_WARN_DIRECT_OBJC_ISA_USAGE = YES_ERROR;
				CLANG_WARN_EMPTY_BODY = YES;
				CLANG_WARN_ENUM_CONVERSION = YES;
				CLANG_WARN_INFINITE_RECURSION = YES;
				CLANG_WARN_INT_CONVERSION = YES;
				CLANG_WARN_OBJC_ROOT_CLASS = YES_ERROR;
				CLANG_WARN_SUSPICIOUS_MOVE = YES;
				CLANG_WARN_UNREACHABLE_CODE = YES;
				CLANG_WARN__DUPLICATE_METHOD_MATCH = YES;
				"CODE_SIGN_IDENTITY[sdk=iphoneos*]" = "iPhone Developer";
				COPY_PHASE_STRIP = NO;
				DEBUG_INFORMATION_FORMAT = "dwarf-with-dsym";
				ENABLE_NS_ASSERTIONS = NO;
				ENABLE_STRICT_OBJC_MSGSEND = YES;
				GCC_C_LANGUAGE_STANDARD = gnu99;
				GCC_NO_COMMON_BLOCKS = YES;
				GCC_WARN_64_TO_32_BIT_CONVERSION = YES;
				GCC_WARN_ABOUT_RETURN_TYPE = YES_ERROR;
				GCC_WARN_UNDECLARED_SELECTOR = YES;
				GCC_WARN_UNINITIALIZED_AUTOS = YES_AGGRESSIVE;
				GCC_WARN_UNUSED_FUNCTION = YES;
				GCC_WARN_UNUSED_VARIABLE = YES;
				IPHONEOS_DEPLOYMENT_TARGET = 9.2;
				MTL_ENABLE_DEBUG_INFO = NO;
				SDKROOT = iphoneos;
				SWIFT_OPTIMIZATION_LEVEL = "-Owholemodule";
				VALIDATE_PRODUCT = YES;
			};
			name = Release;
		};
		221D234B1C659E31003E3671 /* Debug */ = {
			isa = XCBuildConfiguration;
			buildSettings = {
				ASSETCATALOG_COMPILER_APPICON_NAME = AppIcon;
				ASSETCATALOG_COMPILER_LAUNCHIMAGE_NAME = LaunchImage;
				CLANG_ENABLE_MODULES = YES;
				CODE_SIGN_IDENTITY = "iPhone Developer";
				"CODE_SIGN_IDENTITY[sdk=iphoneos*]" = "iPhone Developer";
				DEFINES_MODULE = YES;
				ENABLE_BITCODE = YES;
				FRAMEWORK_SEARCH_PATHS = (
					"$(inherited)",
					"$(PROJECT_DIR)/Zlink",
				);
				INFOPLIST_FILE = Zlink/Info.plist;
				LD_RUNPATH_SEARCH_PATHS = "$(inherited) @executable_path/Frameworks";
				OTHER_LDFLAGS = "";
				PRODUCT_BUNDLE_IDENTIFIER = com.megawattgaming.ZlinkGame;
				PRODUCT_NAME = "$(TARGET_NAME)";
				PROVISIONING_PROFILE = "";
				SWIFT_OBJC_BRIDGING_HEADER = "Zlink/Zlink-Bridging-Header.h";
				SWIFT_OPTIMIZATION_LEVEL = "-Onone";
				SWIFT_VERSION = 3.0;
				TARGETED_DEVICE_FAMILY = "1,2";
			};
			name = Debug;
		};
		221D234C1C659E31003E3671 /* Release */ = {
			isa = XCBuildConfiguration;
			buildSettings = {
				ASSETCATALOG_COMPILER_APPICON_NAME = AppIcon;
				ASSETCATALOG_COMPILER_LAUNCHIMAGE_NAME = LaunchImage;
				CLANG_ENABLE_MODULES = YES;
				CODE_SIGN_IDENTITY = "iPhone Developer";
				"CODE_SIGN_IDENTITY[sdk=iphoneos*]" = "iPhone Developer";
				DEFINES_MODULE = YES;
				ENABLE_BITCODE = YES;
				FRAMEWORK_SEARCH_PATHS = (
					"$(inherited)",
					"$(PROJECT_DIR)/Zlink",
				);
				INFOPLIST_FILE = Zlink/Info.plist;
				LD_RUNPATH_SEARCH_PATHS = "$(inherited) @executable_path/Frameworks";
				OTHER_LDFLAGS = "";
				PRODUCT_BUNDLE_IDENTIFIER = com.megawattgaming.ZlinkGame;
				PRODUCT_NAME = "$(TARGET_NAME)";
				PROVISIONING_PROFILE = "";
				SWIFT_OBJC_BRIDGING_HEADER = "Zlink/Zlink-Bridging-Header.h";
				SWIFT_VERSION = 3.0;
				TARGETED_DEVICE_FAMILY = "1,2";
			};
			name = Release;
		};
/* End XCBuildConfiguration section */

/* Begin XCConfigurationList section */
		221D23331C659E31003E3671 /* Build configuration list for PBXProject "Zlink" */ = {
			isa = XCConfigurationList;
			buildConfigurations = (
				221D23481C659E31003E3671 /* Debug */,
				221D23491C659E31003E3671 /* Release */,
			);
			defaultConfigurationIsVisible = 0;
			defaultConfigurationName = Release;
		};
		221D234A1C659E31003E3671 /* Build configuration list for PBXNativeTarget "Zlink" */ = {
			isa = XCConfigurationList;
			buildConfigurations = (
				221D234B1C659E31003E3671 /* Debug */,
				221D234C1C659E31003E3671 /* Release */,
			);
			defaultConfigurationIsVisible = 0;
			defaultConfigurationName = Release;
		};
/* End XCConfigurationList section */
	};
	rootObject = 221D23301C659E31003E3671 /* Project object */;
}
